
Microsoft Visual Studio Solution File, Format Version 12.00
# Visual Studio Version 16
VisualStudioVersion = 16.0.30804.86
MinimumVisualStudioVersion = 10.0.40219.1
Project("{FAE04EC0-301F-11D3-BF4B-00C04F79EFBC}") = "xadrez_console", "xadrez_console\xadrez_console.csproj", "{06022FC4-1BEA-4345-8636-49BAAF007DEA}"
EndProject
Global
	GlobalSection(SolutionConfigurationPlatforms) = preSolution
		Debug|Any CPU = Debug|Any CPU
		Release|Any CPU = Release|Any CPU
	EndGlobalSection
	GlobalSection(ProjectConfigurationPlatforms) = postSolution
		{06022FC4-1BEA-4345-8636-49BAAF007DEA}.Debug|Any CPU.ActiveCfg = Debug|Any CPU
		{06022FC4-1BEA-4345-8636-49BAAF007DEA}.Debug|Any CPU.Build.0 = Debug|Any CPU
		{06022FC4-1BEA-4345-8636-49BAAF007DEA}.Release|Any CPU.ActiveCfg = Release|Any CPU
		{06022FC4-1BEA-4345-8636-49BAAF007DEA}.Release|Any CPU.Build.0 = Release|Any CPU
	EndGlobalSection
	GlobalSection(SolutionProperties) = preSolution
		HideSolutionNode = FALSE
	EndGlobalSection
	GlobalSection(ExtensibilityGlobals) = postSolution
		SolutionGuid = {B39BF349-1963-412B-99BE-34A42E02E5F1}
	EndGlobalSection
EndGlobal
